
Microsoft Visual Studio Solution File, Format Version 12.00
# Visual Studio Version 17
VisualStudioVersion = 17.14.36518.9 d17.14
MinimumVisualStudioVersion = 10.0.40219.1
Project("{FAE04EC0-301F-11D3-BF4B-00C04F79EFBC}") = "LoanApplication", "LoanApplication.csproj", "{C1CFF0B8-F32C-459E-BFE0-EBEC8D84614E}"
EndProject
Global
	GlobalSection(SolutionConfigurationPlatforms) = preSolution
		Debug|Any CPU = Debug|Any CPU
		Release|Any CPU = Release|Any CPU
	EndGlobalSection
	GlobalSection(ProjectConfigurationPlatforms) = postSolution
		{C1CFF0B8-F32C-459E-BFE0-EBEC8D84614E}.Debug|Any CPU.ActiveCfg = Debug|Any CPU
		{C1CFF0B8-F32C-459E-BFE0-EBEC8D84614E}.Debug|Any CPU.Build.0 = Debug|Any CPU
		{C1CFF0B8-F32C-459E-BFE0-EBEC8D84614E}.Release|Any CPU.ActiveCfg = Release|Any CPU
		{C1CFF0B8-F32C-459E-BFE0-EBEC8D84614E}.Release|Any CPU.Build.0 = Release|Any CPU
	EndGlobalSection
	GlobalSection(SolutionProperties) = preSolution
		HideSolutionNode = FALSE
	EndGlobalSection
	GlobalSection(ExtensibilityGlobals) = postSolution
		SolutionGuid = {070EE2E0-A15F-4D03-808F-F62AF4ED7FAA}
	EndGlobalSection
EndGlobal
